
Microsoft Visual Studio Solution File, Format Version 12.00
# Visual Studio 2017
Project("{FAE04EC0-301F-11D3-BF4B-00C04F79EFBC}") = "Senior Software Design II.Plugins", "Senior Software Design II.Plugins.csproj", "{3A37A710-0F5B-5B45-7A58-DDF49DF33CE0}"
EndProject
Project("{FAE04EC0-301F-11D3-BF4B-00C04F79EFBC}") = "Senior Software Design II", "Senior Software Design II.csproj", "{562EA888-348A-2BE8-566A-B75F9E848785}"
EndProject
Project("{FAE04EC0-301F-11D3-BF4B-00C04F79EFBC}") = "Senior Software Design II.Editor.Plugins", "Senior Software Design II.Editor.Plugins.csproj", "{694207BA-6FD4-9B6E-4385-DC75B3452AAF}"
EndProject
Global
	GlobalSection(SolutionConfigurationPlatforms) = preSolution
		Debug|Any CPU = Debug|Any CPU
		Release|Any CPU = Release|Any CPU
	EndGlobalSection
	GlobalSection(ProjectConfigurationPlatforms) = postSolution
		{3A37A710-0F5B-5B45-7A58-DDF49DF33CE0}.Debug|Any CPU.ActiveCfg = Debug|Any CPU
		{3A37A710-0F5B-5B45-7A58-DDF49DF33CE0}.Debug|Any CPU.Build.0 = Debug|Any CPU
		{3A37A710-0F5B-5B45-7A58-DDF49DF33CE0}.Release|Any CPU.ActiveCfg = Release|Any CPU
		{3A37A710-0F5B-5B45-7A58-DDF49DF33CE0}.Release|Any CPU.Build.0 = Release|Any CPU
		{562EA888-348A-2BE8-566A-B75F9E848785}.Debug|Any CPU.ActiveCfg = Debug|Any CPU
		{562EA888-348A-2BE8-566A-B75F9E848785}.Debug|Any CPU.Build.0 = Debug|Any CPU
		{562EA888-348A-2BE8-566A-B75F9E848785}.Release|Any CPU.ActiveCfg = Release|Any CPU
		{562EA888-348A-2BE8-566A-B75F9E848785}.Release|Any CPU.Build.0 = Release|Any CPU
		{694207BA-6FD4-9B6E-4385-DC75B3452AAF}.Debug|Any CPU.ActiveCfg = Debug|Any CPU
		{694207BA-6FD4-9B6E-4385-DC75B3452AAF}.Debug|Any CPU.Build.0 = Debug|Any CPU
		{694207BA-6FD4-9B6E-4385-DC75B3452AAF}.Release|Any CPU.ActiveCfg = Release|Any CPU
		{694207BA-6FD4-9B6E-4385-DC75B3452AAF}.Release|Any CPU.Build.0 = Release|Any CPU
	EndGlobalSection
	GlobalSection(SolutionProperties) = preSolution
		HideSolutionNode = FALSE
	EndGlobalSection
EndGlobal
