
Microsoft Visual Studio Solution File, Format Version 12.00
# Visual Studio 2017
Project("{FAE04EC0-301F-11D3-BF4B-00C04F79EFBC}") = "Senior-Software-Design-II.Plugins", "Senior-Software-Design-II.Plugins.csproj", "{28075940-F390-CEFC-53A0-2F97E7B0C181}"
EndProject
Project("{FAE04EC0-301F-11D3-BF4B-00C04F79EFBC}") = "Senior-Software-Design-II", "Senior-Software-Design-II.csproj", "{ABFB28D5-8B67-E0C1-252C-263607BA5CF5}"
EndProject
Project("{FAE04EC0-301F-11D3-BF4B-00C04F79EFBC}") = "Senior-Software-Design-II.Editor.Plugins", "Senior-Software-Design-II.Editor.Plugins.csproj", "{042CAD50-E746-7E77-9A30-F8501F4081D6}"
EndProject
Global
	GlobalSection(SolutionConfigurationPlatforms) = preSolution
		Debug|Any CPU = Debug|Any CPU
		Release|Any CPU = Release|Any CPU
	EndGlobalSection
	GlobalSection(ProjectConfigurationPlatforms) = postSolution
		{28075940-F390-CEFC-53A0-2F97E7B0C181}.Debug|Any CPU.ActiveCfg = Debug|Any CPU
		{28075940-F390-CEFC-53A0-2F97E7B0C181}.Debug|Any CPU.Build.0 = Debug|Any CPU
		{28075940-F390-CEFC-53A0-2F97E7B0C181}.Release|Any CPU.ActiveCfg = Release|Any CPU
		{28075940-F390-CEFC-53A0-2F97E7B0C181}.Release|Any CPU.Build.0 = Release|Any CPU
		{ABFB28D5-8B67-E0C1-252C-263607BA5CF5}.Debug|Any CPU.ActiveCfg = Debug|Any CPU
		{ABFB28D5-8B67-E0C1-252C-263607BA5CF5}.Debug|Any CPU.Build.0 = Debug|Any CPU
		{ABFB28D5-8B67-E0C1-252C-263607BA5CF5}.Release|Any CPU.ActiveCfg = Release|Any CPU
		{ABFB28D5-8B67-E0C1-252C-263607BA5CF5}.Release|Any CPU.Build.0 = Release|Any CPU
		{042CAD50-E746-7E77-9A30-F8501F4081D6}.Debug|Any CPU.ActiveCfg = Debug|Any CPU
		{042CAD50-E746-7E77-9A30-F8501F4081D6}.Debug|Any CPU.Build.0 = Debug|Any CPU
		{042CAD50-E746-7E77-9A30-F8501F4081D6}.Release|Any CPU.ActiveCfg = Release|Any CPU
		{042CAD50-E746-7E77-9A30-F8501F4081D6}.Release|Any CPU.Build.0 = Release|Any CPU
	EndGlobalSection
	GlobalSection(SolutionProperties) = preSolution
		HideSolutionNode = FALSE
	EndGlobalSection
EndGlobal
